# THIS IS AN AUTOGENERATED FILE. DO NOT EDIT THIS FILE DIRECTLY.
# yarn lockfile v1


font-awesome@^4.7.0:
  version "4.7.0"
  resolved "https://registry.yarnpkg.com/font-awesome/-/font-awesome-4.7.0.tgz#8fa8cf0411a1a31afd07b06d2902bb9fc815a133"

open-sans-all@^0.1.3:
  version "0.1.3"
  resolved "https://registry.yarnpkg.com/open-sans-all/-/open-sans-all-0.1.3.tgz#10cc3a6c2d83653562ae3d7899d0d6354832eaaf"

vue@^2.3.0:
  version "2.5.16"
  resolved "https://registry.yarnpkg.com/vue/-/vue-2.5.16.tgz#07edb75e8412aaeed871ebafa99f4672584a0085"
